
Microsoft Visual Studio Solution File, Format Version 12.00
# Visual Studio Version 17
VisualStudioVersion = 17.4.33110.190
MinimumVisualStudioVersion = 10.0.40219.1
Project("{FAE04EC0-301F-11D3-BF4B-00C04F79EFBC}") = "EmpMgmt", "EmpMgmt.csproj", "{CAB26DFA-000A-4612-9279-AA87098EE35C}"
EndProject
Global
	GlobalSection(SolutionConfigurationPlatforms) = preSolution
		Debug|Any CPU = Debug|Any CPU
		Release|Any CPU = Release|Any CPU
	EndGlobalSection
	GlobalSection(ProjectConfigurationPlatforms) = postSolution
		{CAB26DFA-000A-4612-9279-AA87098EE35C}.Debug|Any CPU.ActiveCfg = Debug|Any CPU
		{CAB26DFA-000A-4612-9279-AA87098EE35C}.Debug|Any CPU.Build.0 = Debug|Any CPU
		{CAB26DFA-000A-4612-9279-AA87098EE35C}.Release|Any CPU.ActiveCfg = Release|Any CPU
		{CAB26DFA-000A-4612-9279-AA87098EE35C}.Release|Any CPU.Build.0 = Release|Any CPU
	EndGlobalSection
	GlobalSection(SolutionProperties) = preSolution
		HideSolutionNode = FALSE
	EndGlobalSection
	GlobalSection(ExtensibilityGlobals) = postSolution
		SolutionGuid = {C885F340-D845-4F9B-A297-3906E5275EAB}
	EndGlobalSection
EndGlobal
